// !$*UTF8*$!
{
	archiveVersion = 1;
	classes = {
	};
	objectVersion = 46;
	objects = {

/* Begin PBXBuildFile section */
		5FF645FC200C83F2009E7685 /* poll_server.c in Sources */ = {isa = PBXBuildFile; fileRef = 5FF645FA200C83F2009E7685 /* poll_server.c */; };
		8CC402B52253FEB8E39D9304 /* main.cpp in Sources */ = {isa = PBXBuildFile; fileRef = 8CC4003F2F2251AB41BA17DD /* main.cpp */; };
/* End PBXBuildFile section */

/* Begin PBXCopyFilesBuildPhase section */
		8CC4062644CD8F0BA9ABD8C0 /* CopyFiles */ = {
			isa = PBXCopyFilesBuildPhase;
			buildActionMask = 2147483647;
			dstPath = /usr/share/man/man1/;
			dstSubfolderSpec = 0;
			files = (
			);
			runOnlyForDeploymentPostprocessing = 1;
		};
/* End PBXCopyFilesBuildPhase section */

/* Begin PBXFileReference section */
		5FF645FA200C83F2009E7685 /* poll_server.c */ = {isa = PBXFileReference; fileEncoding = 4; lastKnownFileType = sourcecode.c.c; path = poll_server.c; sourceTree = "<group>"; };
		5FF645FB200C83F2009E7685 /* poll_server.h */ = {isa = PBXFileReference; fileEncoding = 4; lastKnownFileType = sourcecode.c.h; path = poll_server.h; sourceTree = "<group>"; };
		8CC4003F2F2251AB41BA17DD /* main.cpp */ = {isa = PBXFileReference; lastKnownFileType = sourcecode.cpp.cpp; path = main.cpp; sourceTree = "<group>"; };
		8CC402819399BFD165EA3A95 /* TestPollServer */ = {isa = PBXFileReference; explicitFileType = "compiled.mach-o.executable"; includeInIndex = 0; path = TestPollServer; sourceTree = BUILT_PRODUCTS_DIR; };
/* End PBXFileReference section */

/* Begin PBXFrameworksBuildPhase section */
		8CC404891D6B09DA7CCC01BE /* Frameworks */ = {
			isa = PBXFrameworksBuildPhase;
			buildActionMask = 2147483647;
			files = (
			);
			runOnlyForDeploymentPostprocessing = 0;
		};
/* End PBXFrameworksBuildPhase section */

/* Begin PBXGroup section */
		8CC403FE5C2175ED4BA5E588 = {
			isa = PBXGroup;
			children = (
				8CC40DA642977C3B4B3398B4 /* Products */,
				8CC40AF4B26AFC7170F25351 /* TestPollServer */,
			);
			sourceTree = "<group>";
		};
		8CC40AF4B26AFC7170F25351 /* TestPollServer */ = {
			isa = PBXGroup;
			children = (
				8CC4003F2F2251AB41BA17DD /* main.cpp */,
				5FF645FA200C83F2009E7685 /* poll_server.c */,
				5FF645FB200C83F2009E7685 /* poll_server.h */,
			);
			path = TestPollServer;
			sourceTree = "<group>";
		};
		8CC40DA642977C3B4B3398B4 /* Products */ = {
			isa = PBXGroup;
			children = (
				8CC402819399BFD165EA3A95 /* TestPollServer */,
			);
			name = Products;
			sourceTree = "<group>";
		};
/* End PBXGroup section */

/* Begin PBXNativeTarget section */
		8CC40608D37038A35873AD4D /* TestPollServer */ = {
			isa = PBXNativeTarget;
			buildConfigurationList = 8CC40C021C4B74D4BA1A16E2 /* Build configuration list for PBXNativeTarget "TestPollServer" */;
			buildPhases = (
				8CC401F1E3717E80BC49D5DC /* Sources */,
				8CC404891D6B09DA7CCC01BE /* Frameworks */,
				8CC4062644CD8F0BA9ABD8C0 /* CopyFiles */,
			);
			buildRules = (
			);
			dependencies = (
			);
			name = TestPollServer;
			productName = TestPollServer;
			productReference = 8CC402819399BFD165EA3A95 /* TestPollServer */;
			productType = "com.apple.product-type.tool";
		};
/* End PBXNativeTarget section */

/* Begin PBXProject section */
		8CC40EBF989CB066CE3BE8DF /* Project object */ = {
			isa = PBXProject;
			attributes = {
				ORGANIZATIONNAME = "___FULLUSERNAME___";
			};
			buildConfigurationList = 8CC408BFC0BD0C9F4BFEDCDD /* Build configuration list for PBXProject "TestPollServer" */;
			compatibilityVersion = "Xcode 3.2";
			developmentRegion = English;
			hasScannedForEncodings = 0;
			knownRegions = (
				en,
			);
			mainGroup = 8CC403FE5C2175ED4BA5E588;
			productRefGroup = 8CC40DA642977C3B4B3398B4 /* Products */;
			projectDirPath = "";
			projectRoot = "";
			targets = (
				8CC40608D37038A35873AD4D /* TestPollServer */,
			);
		};
/* End PBXProject section */

/* Begin PBXSourcesBuildPhase section */
		8CC401F1E3717E80BC49D5DC /* Sources */ = {
			isa = PBXSourcesBuildPhase;
			buildActionMask = 2147483647;
			files = (
				8CC402B52253FEB8E39D9304 /* main.cpp in Sources */,
				5FF645FC200C83F2009E7685 /* poll_server.c in Sources */,
			);
			runOnlyForDeploymentPostprocessing = 0;
		};
/* End PBXSourcesBuildPhase section */

/* Begin XCBuildConfiguration section */
		8CC403C9D1A4F16CB6E3D7EA /* Release */ = {
			isa = XCBuildConfiguration;
			buildSettings = {
				ALWAYS_SEARCH_USER_PATHS = NO;
				CLANG_ANALYZER_NONNULL = YES;
				CLANG_CXX_LANGUAGE_STANDARD = "gnu++0x";
				CLANG_CXX_LIBRARY = "libc++";
				CLANG_ENABLE_MODULES = YES;
				CLANG_ENABLE_OBJC_ARC = YES;
				CLANG_WARN_BOOL_CONVERSION = YES;
				CLANG_WARN_CONSTANT_CONVERSION = YES;
				CLANG_WARN_DIRECT_OBJC_ISA_USAGE = YES_ERROR;
				CLANG_WARN_DOCUMENTATION_COMMENTS = YES;
				CLANG_WARN_EMPTY_BODY = YES;
				CLANG_WARN_ENUM_CONVERSION = YES;
				CLANG_WARN_INFINITE_RECURSION = YES;
				CLANG_WARN_INT_CONVERSION = YES;
				CLANG_WARN_OBJC_ROOT_CLASS = YES_ERROR;
				CLANG_WARN_SUSPICIOUS_MOVE = YES;
				CLANG_WARN_UNREACHABLE_CODE = YES;
				CLANG_WARN__DUPLICATE_METHOD_MATCH = YES;
				CODE_SIGN_IDENTITY = "-";
				COPY_PHASE_STRIP = NO;
				DEBUG_INFORMATION_FORMAT = "dwarf-with-dsym";
				ENABLE_NS_ASSERTIONS = NO;
				ENABLE_STRICT_OBJC_MSGSEND = YES;
				GCC_C_LANGUAGE_STANDARD = gnu99;
				GCC_NO_COMMON_BLOCKS = YES;
				GCC_WARN_64_TO_32_BIT_CONVERSION = YES;
				GCC_WARN_ABOUT_RETURN_TYPE = YES_ERROR;
				GCC_WARN_UNDECLARED_SELECTOR = YES;
				GCC_WARN_UNINITIALIZED_AUTOS = YES_AGGRESSIVE;
				GCC_WARN_UNUSED_FUNCTION = YES;
				GCC_WARN_UNUSED_VARIABLE = YES;
				MACOSX_DEPLOYMENT_TARGET = 10.12;
				MTL_ENABLE_DEBUG_INFO = NO;
				SDKROOT = macosx;
			};
			name = Release;
		};
		8CC4058C1E57DEA536D4BCA4 /* Debug */ = {
			isa = XCBuildConfiguration;
			buildSettings = {
				PRODUCT_NAME = "$(TARGET_NAME)";
			};
			name = Debug;
		};
		8CC40D123EF9B4F4EB4C72A8 /* Debug */ = {
			isa = XCBuildConfiguration;
			buildSettings = {
				ALWAYS_SEARCH_USER_PATHS = NO;
				CLANG_ANALYZER_NONNULL = YES;
				CLANG_CXX_LANGUAGE_STANDARD = "gnu++0x";
				CLANG_CXX_LIBRARY = "libc++";
				CLANG_ENABLE_MODULES = YES;
				CLANG_ENABLE_OBJC_ARC = YES;
				CLANG_WARN_BOOL_CONVERSION = YES;
				CLANG_WARN_CONSTANT_CONVERSION = YES;
				CLANG_WARN_DIRECT_OBJC_ISA_USAGE = YES_ERROR;
				CLANG_WARN_DOCUMENTATION_COMMENTS = YES;
				CLANG_WARN_EMPTY_BODY = YES;
				CLANG_WARN_ENUM_CONVERSION = YES;
				CLANG_WARN_INFINITE_RECURSION = YES;
				CLANG_WARN_INT_CONVERSION = YES;
				CLANG_WARN_OBJC_ROOT_CLASS = YES_ERROR;
				CLANG_WARN_SUSPICIOUS_MOVE = YES;
				CLANG_WARN_UNREACHABLE_CODE = YES;
				CLANG_WARN__DUPLICATE_METHOD_MATCH = YES;
				CODE_SIGN_IDENTITY = "-";
				COPY_PHASE_STRIP = NO;
				DEBUG_INFORMATION_FORMAT = dwarf;
				ENABLE_STRICT_OBJC_MSGSEND = YES;
				ENABLE_TESTABILITY = YES;
				GCC_C_LANGUAGE_STANDARD = gnu99;
				GCC_DYNAMIC_NO_PIC = NO;
				GCC_NO_COMMON_BLOCKS = YES;
				GCC_OPTIMIZATION_LEVEL = 0;
				GCC_PREPROCESSOR_DEFINITIONS = (
					"DEBUG=1",
					"$(inherited)",
				);
				GCC_WARN_64_TO_32_BIT_CONVERSION = YES;
				GCC_WARN_ABOUT_RETURN_TYPE = YES_ERROR;
				GCC_WARN_UNDECLARED_SELECTOR = YES;
				GCC_WARN_UNINITIALIZED_AUTOS = YES_AGGRESSIVE;
				GCC_WARN_UNUSED_FUNCTION = YES;
				GCC_WARN_UNUSED_VARIABLE = YES;
				MACOSX_DEPLOYMENT_TARGET = 10.12;
				MTL_ENABLE_DEBUG_INFO = YES;
				ONLY_ACTIVE_ARCH = YES;
				SDKROOT = macosx;
			};
			name = Debug;
		};
		8CC40ECC81562E2C999A6BCD /* Release */ = {
			isa = XCBuildConfiguration;
			buildSettings = {
				PRODUCT_NAME = "$(TARGET_NAME)";
			};
			name = Release;
		};
/* End XCBuildConfiguration section */

/* Begin XCConfigurationList section */
		8CC408BFC0BD0C9F4BFEDCDD /* Build configuration list for PBXProject "TestPollServer" */ = {
			isa = XCConfigurationList;
			buildConfigurations = (
				8CC40D123EF9B4F4EB4C72A8 /* Debug */,
				8CC403C9D1A4F16CB6E3D7EA /* Release */,
			);
			defaultConfigurationIsVisible = 0;
			defaultConfigurationName = Release;
		};
		8CC40C021C4B74D4BA1A16E2 /* Build configuration list for PBXNativeTarget "TestPollServer" */ = {
			isa = XCConfigurationList;
			buildConfigurations = (
				8CC4058C1E57DEA536D4BCA4 /* Debug */,
				8CC40ECC81562E2C999A6BCD /* Release */,
			);
			defaultConfigurationIsVisible = 0;
			defaultConfigurationName = Release;
		};
/* End XCConfigurationList section */
	};
	rootObject = 8CC40EBF989CB066CE3BE8DF /* Project object */;
}
